
Microsoft Visual Studio Solution File, Format Version 12.00
# Visual Studio 15
VisualStudioVersion = 15.0.26430.12
MinimumVisualStudioVersion = 10.0.40219.1
Project("{FAE04EC0-301F-11D3-BF4B-00C04F79EFBC}") = "fomin-server", "fomin-server\fomin-server.csproj", "{0DB6D6F9-8D09-4976-9E5E-0B5A73D9CFED}"
EndProject
Global
	GlobalSection(SolutionConfigurationPlatforms) = preSolution
		Debug|Any CPU = Debug|Any CPU
		Release|Any CPU = Release|Any CPU
	EndGlobalSection
	GlobalSection(ProjectConfigurationPlatforms) = postSolution
		{0DB6D6F9-8D09-4976-9E5E-0B5A73D9CFED}.Debug|Any CPU.ActiveCfg = Debug|Any CPU
		{0DB6D6F9-8D09-4976-9E5E-0B5A73D9CFED}.Debug|Any CPU.Build.0 = Debug|Any CPU
		{0DB6D6F9-8D09-4976-9E5E-0B5A73D9CFED}.Release|Any CPU.ActiveCfg = Release|Any CPU
		{0DB6D6F9-8D09-4976-9E5E-0B5A73D9CFED}.Release|Any CPU.Build.0 = Release|Any CPU
	EndGlobalSection
	GlobalSection(SolutionProperties) = preSolution
		HideSolutionNode = FALSE
	EndGlobalSection
EndGlobal
